// !$*UTF8*$!
{
	archiveVersion = 1;
	classes = {
	};
	objectVersion = 50;
	objects = {

/* Begin PBXBuildFile section */
		5AD8CA2D259DAE8A005B79CC /* AppDelegate.swift in Sources */ = {isa = PBXBuildFile; fileRef = 5AD8CA2C259DAE8A005B79CC /* AppDelegate.swift */; };
		5AD8CA2F259DAE8A005B79CC /* SceneDelegate.swift in Sources */ = {isa = PBXBuildFile; fileRef = 5AD8CA2E259DAE8A005B79CC /* SceneDelegate.swift */; };
		5AD8CA31259DAE8A005B79CC /* ToDoListVC.swift in Sources */ = {isa = PBXBuildFile; fileRef = 5AD8CA30259DAE8A005B79CC /* ToDoListVC.swift */; };
		5AD8CA34259DAE8A005B79CC /* Main.storyboard in Resources */ = {isa = PBXBuildFile; fileRef = 5AD8CA32259DAE8A005B79CC /* Main.storyboard */; };
		5AD8CA36259DAE91005B79CC /* Assets.xcassets in Resources */ = {isa = PBXBuildFile; fileRef = 5AD8CA35259DAE91005B79CC /* Assets.xcassets */; };
		5AD8CA39259DAE91005B79CC /* LaunchScreen.storyboard in Resources */ = {isa = PBXBuildFile; fileRef = 5AD8CA37259DAE91005B79CC /* LaunchScreen.storyboard */; };
		5AD8CA46259DB118005B79CC /* ToDoTableViewCell.swift in Sources */ = {isa = PBXBuildFile; fileRef = 5AD8CA45259DB118005B79CC /* ToDoTableViewCell.swift */; };
		5AD8CA4A259DB356005B79CC /* ToDoModel.swift in Sources */ = {isa = PBXBuildFile; fileRef = 5AD8CA49259DB356005B79CC /* ToDoModel.swift */; };
		5AD8CA5C259DD3BF005B79CC /* LabelEx.swift in Sources */ = {isa = PBXBuildFile; fileRef = 5AD8CA5B259DD3BF005B79CC /* LabelEx.swift */; };
		5AD8CA5F259DE066005B79CC /* ViewEx.swift in Sources */ = {isa = PBXBuildFile; fileRef = 5AD8CA5E259DE066005B79CC /* ViewEx.swift */; };
		5AD8CA65259DFD29005B79CC /* ButtonEx.swift in Sources */ = {isa = PBXBuildFile; fileRef = 5AD8CA64259DFD29005B79CC /* ButtonEx.swift */; };
		5AD8CA68259E246E005B79CC /* ItemDetailsVC.swift in Sources */ = {isa = PBXBuildFile; fileRef = 5AD8CA67259E246E005B79CC /* ItemDetailsVC.swift */; };
/* End PBXBuildFile section */

/* Begin PBXFileReference section */
		5AD8CA29259DAE8A005B79CC /* ToDo.app */ = {isa = PBXFileReference; explicitFileType = wrapper.application; includeInIndex = 0; path = ToDo.app; sourceTree = BUILT_PRODUCTS_DIR; };
		5AD8CA2C259DAE8A005B79CC /* AppDelegate.swift */ = {isa = PBXFileReference; lastKnownFileType = sourcecode.swift; path = AppDelegate.swift; sourceTree = "<group>"; };
		5AD8CA2E259DAE8A005B79CC /* SceneDelegate.swift */ = {isa = PBXFileReference; lastKnownFileType = sourcecode.swift; path = SceneDelegate.swift; sourceTree = "<group>"; };
		5AD8CA30259DAE8A005B79CC /* ToDoListVC.swift */ = {isa = PBXFileReference; lastKnownFileType = sourcecode.swift; path = ToDoListVC.swift; sourceTree = "<group>"; };
		5AD8CA33259DAE8A005B79CC /* Base */ = {isa = PBXFileReference; lastKnownFileType = file.storyboard; name = Base; path = Base.lproj/Main.storyboard; sourceTree = "<group>"; };
		5AD8CA35259DAE91005B79CC /* Assets.xcassets */ = {isa = PBXFileReference; lastKnownFileType = folder.assetcatalog; path = Assets.xcassets; sourceTree = "<group>"; };
		5AD8CA38259DAE91005B79CC /* Base */ = {isa = PBXFileReference; lastKnownFileType = file.storyboard; name = Base; path = Base.lproj/LaunchScreen.storyboard; sourceTree = "<group>"; };
		5AD8CA3A259DAE91005B79CC /* Info.plist */ = {isa = PBXFileReference; lastKnownFileType = text.plist.xml; path = Info.plist; sourceTree = "<group>"; };
		5AD8CA45259DB118005B79CC /* ToDoTableViewCell.swift */ = {isa = PBXFileReference; lastKnownFileType = sourcecode.swift; path = ToDoTableViewCell.swift; sourceTree = "<group>"; };
		5AD8CA49259DB356005B79CC /* ToDoModel.swift */ = {isa = PBXFileReference; lastKnownFileType = sourcecode.swift; path = ToDoModel.swift; sourceTree = "<group>"; };
		5AD8CA5B259DD3BF005B79CC /* LabelEx.swift */ = {isa = PBXFileReference; lastKnownFileType = sourcecode.swift; path = LabelEx.swift; sourceTree = "<group>"; };
		5AD8CA5E259DE066005B79CC /* ViewEx.swift */ = {isa = PBXFileReference; lastKnownFileType = sourcecode.swift; path = ViewEx.swift; sourceTree = "<group>"; };
		5AD8CA64259DFD29005B79CC /* ButtonEx.swift */ = {isa = PBXFileReference; lastKnownFileType = sourcecode.swift; path = ButtonEx.swift; sourceTree = "<group>"; };
		5AD8CA67259E246E005B79CC /* ItemDetailsVC.swift */ = {isa = PBXFileReference; lastKnownFileType = sourcecode.swift; path = ItemDetailsVC.swift; sourceTree = "<group>"; };
/* End PBXFileReference section */

/* Begin PBXFrameworksBuildPhase section */
		5AD8CA26259DAE8A005B79CC /* Frameworks */ = {
			isa = PBXFrameworksBuildPhase;
			buildActionMask = 2147483647;
			files = (
			);
			runOnlyForDeploymentPostprocessing = 0;
		};
/* End PBXFrameworksBuildPhase section */

/* Begin PBXGroup section */
		5AD8CA20259DAE8A005B79CC = {
			isa = PBXGroup;
			children = (
				5AD8CA2B259DAE8A005B79CC /* ToDo */,
				5AD8CA2A259DAE8A005B79CC /* Products */,
			);
			sourceTree = "<group>";
		};
		5AD8CA2A259DAE8A005B79CC /* Products */ = {
			isa = PBXGroup;
			children = (
				5AD8CA29259DAE8A005B79CC /* ToDo.app */,
			);
			name = Products;
			sourceTree = "<group>";
		};
		5AD8CA2B259DAE8A005B79CC /* ToDo */ = {
			isa = PBXGroup;
			children = (
				5AD8CA48259DB214005B79CC /* Delegate */,
				5AD8CA4F259DCFC6005B79CC /* CustomUI */,
				5AD8CA49259DB356005B79CC /* ToDoModel.swift */,
				5AD8CA30259DAE8A005B79CC /* ToDoListVC.swift */,
				5AD8CA67259E246E005B79CC /* ItemDetailsVC.swift */,
				5AD8CA45259DB118005B79CC /* ToDoTableViewCell.swift */,
				5AD8CA32259DAE8A005B79CC /* Main.storyboard */,
				5AD8CA35259DAE91005B79CC /* Assets.xcassets */,
				5AD8CA37259DAE91005B79CC /* LaunchScreen.storyboard */,
				5AD8CA3A259DAE91005B79CC /* Info.plist */,
			);
			path = ToDo;
			sourceTree = "<group>";
		};
		5AD8CA48259DB214005B79CC /* Delegate */ = {
			isa = PBXGroup;
			children = (
				5AD8CA2C259DAE8A005B79CC /* AppDelegate.swift */,
				5AD8CA2E259DAE8A005B79CC /* SceneDelegate.swift */,
			);
			path = Delegate;
			sourceTree = "<group>";
		};
		5AD8CA4F259DCFC6005B79CC /* CustomUI */ = {
			isa = PBXGroup;
			children = (
				5AD8CA5B259DD3BF005B79CC /* LabelEx.swift */,
				5AD8CA5E259DE066005B79CC /* ViewEx.swift */,
				5AD8CA64259DFD29005B79CC /* ButtonEx.swift */,
			);
			path = CustomUI;
			sourceTree = "<group>";
		};
/* End PBXGroup section */

/* Begin PBXNativeTarget section */
		5AD8CA28259DAE8A005B79CC /* ToDo */ = {
			isa = PBXNativeTarget;
			buildConfigurationList = 5AD8CA3D259DAE91005B79CC /* Build configuration list for PBXNativeTarget "ToDo" */;
			buildPhases = (
				5AD8CA25259DAE8A005B79CC /* Sources */,
				5AD8CA26259DAE8A005B79CC /* Frameworks */,
				5AD8CA27259DAE8A005B79CC /* Resources */,
			);
			buildRules = (
			);
			dependencies = (
			);
			name = ToDo;
			productName = ToDo;
			productReference = 5AD8CA29259DAE8A005B79CC /* ToDo.app */;
			productType = "com.apple.product-type.application";
		};
/* End PBXNativeTarget section */

/* Begin PBXProject section */
		5AD8CA21259DAE8A005B79CC /* Project object */ = {
			isa = PBXProject;
			attributes = {
				LastSwiftUpdateCheck = 1220;
				LastUpgradeCheck = 1220;
				TargetAttributes = {
					5AD8CA28259DAE8A005B79CC = {
						CreatedOnToolsVersion = 12.2;
					};
				};
			};
			buildConfigurationList = 5AD8CA24259DAE8A005B79CC /* Build configuration list for PBXProject "ToDo" */;
			compatibilityVersion = "Xcode 9.3";
			developmentRegion = en;
			hasScannedForEncodings = 0;
			knownRegions = (
				en,
				Base,
			);
			mainGroup = 5AD8CA20259DAE8A005B79CC;
			productRefGroup = 5AD8CA2A259DAE8A005B79CC /* Products */;
			projectDirPath = "";
			projectRoot = "";
			targets = (
				5AD8CA28259DAE8A005B79CC /* ToDo */,
			);
		};
/* End PBXProject section */

/* Begin PBXResourcesBuildPhase section */
		5AD8CA27259DAE8A005B79CC /* Resources */ = {
			isa = PBXResourcesBuildPhase;
			buildActionMask = 2147483647;
			files = (
				5AD8CA39259DAE91005B79CC /* LaunchScreen.storyboard in Resources */,
				5AD8CA36259DAE91005B79CC /* Assets.xcassets in Resources */,
				5AD8CA34259DAE8A005B79CC /* Main.storyboard in Resources */,
			);
			runOnlyForDeploymentPostprocessing = 0;
		};
/* End PBXResourcesBuildPhase section */

/* Begin PBXSourcesBuildPhase section */
		5AD8CA25259DAE8A005B79CC /* Sources */ = {
			isa = PBXSourcesBuildPhase;
			buildActionMask = 2147483647;
			files = (
				5AD8CA31259DAE8A005B79CC /* ToDoListVC.swift in Sources */,
				5AD8CA2D259DAE8A005B79CC /* AppDelegate.swift in Sources */,
				5AD8CA65259DFD29005B79CC /* ButtonEx.swift in Sources */,
				5AD8CA4A259DB356005B79CC /* ToDoModel.swift in Sources */,
				5AD8CA2F259DAE8A005B79CC /* SceneDelegate.swift in Sources */,
				5AD8CA46259DB118005B79CC /* ToDoTableViewCell.swift in Sources */,
				5AD8CA68259E246E005B79CC /* ItemDetailsVC.swift in Sources */,
				5AD8CA5F259DE066005B79CC /* ViewEx.swift in Sources */,
				5AD8CA5C259DD3BF005B79CC /* LabelEx.swift in Sources */,
			);
			runOnlyForDeploymentPostprocessing = 0;
		};
/* End PBXSourcesBuildPhase section */

/* Begin PBXVariantGroup section */
		5AD8CA32259DAE8A005B79CC /* Main.storyboard */ = {
			isa = PBXVariantGroup;
			children = (
				5AD8CA33259DAE8A005B79CC /* Base */,
			);
			name = Main.storyboard;
			sourceTree = "<group>";
		};
		5AD8CA37259DAE91005B79CC /* LaunchScreen.storyboard */ = {
			isa = PBXVariantGroup;
			children = (
				5AD8CA38259DAE91005B79CC /* Base */,
			);
			name = LaunchScreen.storyboard;
			sourceTree = "<group>";
		};
/* End PBXVariantGroup section */

/* Begin XCBuildConfiguration section */
		5AD8CA3B259DAE91005B79CC /* Debug */ = {
			isa = XCBuildConfiguration;
			buildSettings = {
				ALWAYS_SEARCH_USER_PATHS = NO;
				CLANG_ANALYZER_NONNULL = YES;
				CLANG_ANALYZER_NUMBER_OBJECT_CONVERSION = YES_AGGRESSIVE;
				CLANG_CXX_LANGUAGE_STANDARD = "gnu++14";
				CLANG_CXX_LIBRARY = "libc++";
				CLANG_ENABLE_MODULES = YES;
				CLANG_ENABLE_OBJC_ARC = YES;
				CLANG_ENABLE_OBJC_WEAK = YES;
				CLANG_WARN_BLOCK_CAPTURE_AUTORELEASING = YES;
				CLANG_WARN_BOOL_CONVERSION = YES;
				CLANG_WARN_COMMA = YES;
				CLANG_WARN_CONSTANT_CONVERSION = YES;
				CLANG_WARN_DEPRECATED_OBJC_IMPLEMENTATIONS = YES;
				CLANG_WARN_DIRECT_OBJC_ISA_USAGE = YES_ERROR;
				CLANG_WARN_DOCUMENTATION_COMMENTS = YES;
				CLANG_WARN_EMPTY_BODY = YES;
				CLANG_WARN_ENUM_CONVERSION = YES;
				CLANG_WARN_INFINITE_RECURSION = YES;
				CLANG_WARN_INT_CONVERSION = YES;
				CLANG_WARN_NON_LITERAL_NULL_CONVERSION = YES;
				CLANG_WARN_OBJC_IMPLICIT_RETAIN_SELF = YES;
				CLANG_WARN_OBJC_LITERAL_CONVERSION = YES;
				CLANG_WARN_OBJC_ROOT_CLASS = YES_ERROR;
				CLANG_WARN_QUOTED_INCLUDE_IN_FRAMEWORK_HEADER = YES;
				CLANG_WARN_RANGE_LOOP_ANALYSIS = YES;
				CLANG_WARN_STRICT_PROTOTYPES = YES;
				CLANG_WARN_SUSPICIOUS_MOVE = YES;
				CLANG_WARN_UNGUARDED_AVAILABILITY = YES_AGGRESSIVE;
				CLANG_WARN_UNREACHABLE_CODE = YES;
				CLANG_WARN__DUPLICATE_METHOD_MATCH = YES;
				COPY_PHASE_STRIP = NO;
				DEBUG_INFORMATION_FORMAT = dwarf;
				ENABLE_STRICT_OBJC_MSGSEND = YES;
				ENABLE_TESTABILITY = YES;
				GCC_C_LANGUAGE_STANDARD = gnu11;
				GCC_DYNAMIC_NO_PIC = NO;
				GCC_NO_COMMON_BLOCKS = YES;
				GCC_OPTIMIZATION_LEVEL = 0;
				GCC_PREPROCESSOR_DEFINITIONS = (
					"DEBUG=1",
					"$(inherited)",
				);
				GCC_WARN_64_TO_32_BIT_CONVERSION = YES;
				GCC_WARN_ABOUT_RETURN_TYPE = YES_ERROR;
				GCC_WARN_UNDECLARED_SELECTOR = YES;
				GCC_WARN_UNINITIALIZED_AUTOS = YES_AGGRESSIVE;
				GCC_WARN_UNUSED_FUNCTION = YES;
				GCC_WARN_UNUSED_VARIABLE = YES;
				IPHONEOS_DEPLOYMENT_TARGET = 14.2;
				MTL_ENABLE_DEBUG_INFO = INCLUDE_SOURCE;
				MTL_FAST_MATH = YES;
				ONLY_ACTIVE_ARCH = YES;
				SDKROOT = iphoneos;
				SWIFT_ACTIVE_COMPILATION_CONDITIONS = DEBUG;
				SWIFT_OPTIMIZATION_LEVEL = "-Onone";
			};
			name = Debug;
		};
		5AD8CA3C259DAE91005B79CC /* Release */ = {
			isa = XCBuildConfiguration;
			buildSettings = {
				ALWAYS_SEARCH_USER_PATHS = NO;
				CLANG_ANALYZER_NONNULL = YES;
				CLANG_ANALYZER_NUMBER_OBJECT_CONVERSION = YES_AGGRESSIVE;
				CLANG_CXX_LANGUAGE_STANDARD = "gnu++14";
				CLANG_CXX_LIBRARY = "libc++";
				CLANG_ENABLE_MODULES = YES;
				CLANG_ENABLE_OBJC_ARC = YES;
				CLANG_ENABLE_OBJC_WEAK = YES;
				CLANG_WARN_BLOCK_CAPTURE_AUTORELEASING = YES;
				CLANG_WARN_BOOL_CONVERSION = YES;
				CLANG_WARN_COMMA = YES;
				CLANG_WARN_CONSTANT_CONVERSION = YES;
				CLANG_WARN_DEPRECATED_OBJC_IMPLEMENTATIONS = YES;
				CLANG_WARN_DIRECT_OBJC_ISA_USAGE = YES_ERROR;
				CLANG_WARN_DOCUMENTATION_COMMENTS = YES;
				CLANG_WARN_EMPTY_BODY = YES;
				CLANG_WARN_ENUM_CONVERSION = YES;
				CLANG_WARN_INFINITE_RECURSION = YES;
				CLANG_WARN_INT_CONVERSION = YES;
				CLANG_WARN_NON_LITERAL_NULL_CONVERSION = YES;
				CLANG_WARN_OBJC_IMPLICIT_RETAIN_SELF = YES;
				CLANG_WARN_OBJC_LITERAL_CONVERSION = YES;
				CLANG_WARN_OBJC_ROOT_CLASS = YES_ERROR;
				CLANG_WARN_QUOTED_INCLUDE_IN_FRAMEWORK_HEADER = YES;
				CLANG_WARN_RANGE_LOOP_ANALYSIS = YES;
				CLANG_WARN_STRICT_PROTOTYPES = YES;
				CLANG_WARN_SUSPICIOUS_MOVE = YES;
				CLANG_WARN_UNGUARDED_AVAILABILITY = YES_AGGRESSIVE;
				CLANG_WARN_UNREACHABLE_CODE = YES;
				CLANG_WARN__DUPLICATE_METHOD_MATCH = YES;
				COPY_PHASE_STRIP = NO;
				DEBUG_INFORMATION_FORMAT = "dwarf-with-dsym";
				ENABLE_NS_ASSERTIONS = NO;
				ENABLE_STRICT_OBJC_MSGSEND = YES;
				GCC_C_LANGUAGE_STANDARD = gnu11;
				GCC_NO_COMMON_BLOCKS = YES;
				GCC_WARN_64_TO_32_BIT_CONVERSION = YES;
				GCC_WARN_ABOUT_RETURN_TYPE = YES_ERROR;
				GCC_WARN_UNDECLARED_SELECTOR = YES;
				GCC_WARN_UNINITIALIZED_AUTOS = YES_AGGRESSIVE;
				GCC_WARN_UNUSED_FUNCTION = YES;
				GCC_WARN_UNUSED_VARIABLE = YES;
				IPHONEOS_DEPLOYMENT_TARGET = 14.2;
				MTL_ENABLE_DEBUG_INFO = NO;
				MTL_FAST_MATH = YES;
				SDKROOT = iphoneos;
				SWIFT_COMPILATION_MODE = wholemodule;
				SWIFT_OPTIMIZATION_LEVEL = "-O";
				VALIDATE_PRODUCT = YES;
			};
			name = Release;
		};
		5AD8CA3E259DAE91005B79CC /* Debug */ = {
			isa = XCBuildConfiguration;
			buildSettings = {
				ASSETCATALOG_COMPILER_APPICON_NAME = AppIcon;
				ASSETCATALOG_COMPILER_GLOBAL_ACCENT_COLOR_NAME = AccentColor;
				CODE_SIGN_STYLE = Manual;
				DEVELOPMENT_TEAM = "";
				INFOPLIST_FILE = ToDo/Info.plist;
				IPHONEOS_DEPLOYMENT_TARGET = 10.0;
				LD_RUNPATH_SEARCH_PATHS = (
					"$(inherited)",
					"@executable_path/Frameworks",
				);
				PRODUCT_BUNDLE_IDENTIFIER = Godwin.ToDo;
				PRODUCT_NAME = "$(TARGET_NAME)";
				PROVISIONING_PROFILE_SPECIFIER = "";
				SWIFT_VERSION = 5.0;
				TARGETED_DEVICE_FAMILY = 1;
			};
			name = Debug;
		};
		5AD8CA3F259DAE91005B79CC /* Release */ = {
			isa = XCBuildConfiguration;
			buildSettings = {
				ASSETCATALOG_COMPILER_APPICON_NAME = AppIcon;
				ASSETCATALOG_COMPILER_GLOBAL_ACCENT_COLOR_NAME = AccentColor;
				CODE_SIGN_STYLE = Manual;
				DEVELOPMENT_TEAM = "";
				INFOPLIST_FILE = ToDo/Info.plist;
				IPHONEOS_DEPLOYMENT_TARGET = 10.0;
				LD_RUNPATH_SEARCH_PATHS = (
					"$(inherited)",
					"@executable_path/Frameworks",
				);
				PRODUCT_BUNDLE_IDENTIFIER = Godwin.ToDo;
				PRODUCT_NAME = "$(TARGET_NAME)";
				PROVISIONING_PROFILE_SPECIFIER = "";
				SWIFT_VERSION = 5.0;
				TARGETED_DEVICE_FAMILY = 1;
			};
			name = Release;
		};
/* End XCBuildConfiguration section */

/* Begin XCConfigurationList section */
		5AD8CA24259DAE8A005B79CC /* Build configuration list for PBXProject "ToDo" */ = {
			isa = XCConfigurationList;
			buildConfigurations = (
				5AD8CA3B259DAE91005B79CC /* Debug */,
				5AD8CA3C259DAE91005B79CC /* Release */,
			);
			defaultConfigurationIsVisible = 0;
			defaultConfigurationName = Release;
		};
		5AD8CA3D259DAE91005B79CC /* Build configuration list for PBXNativeTarget "ToDo" */ = {
			isa = XCConfigurationList;
			buildConfigurations = (
				5AD8CA3E259DAE91005B79CC /* Debug */,
				5AD8CA3F259DAE91005B79CC /* Release */,
			);
			defaultConfigurationIsVisible = 0;
			defaultConfigurationName = Release;
		};
/* End XCConfigurationList section */
	};
	rootObject = 5AD8CA21259DAE8A005B79CC /* Project object */;
}
